// !$*UTF8*$!
{
	archiveVersion = 1;
	classes = {
	};
	objectVersion = 46;
	objects = {

/* Begin PBXBuildFile section */
		5B095BF9188B20E30058FB67 /* ResourcePath.mm in Sources */ = {isa = PBXBuildFile; fileRef = 5B095BF8188B20E30058FB67 /* ResourcePath.mm */; };
		5B095BFC188B20E30058FB67 /* main.cpp in Sources */ = {isa = PBXBuildFile; fileRef = 5B095BFB188B20E30058FB67 /* main.cpp */; };
		5B095C21188B21540058FB67 /* Player.png in Resources */ = {isa = PBXBuildFile; fileRef = 5B095C0E188B21540058FB67 /* Player.png */; };
		5B095C27188B21540058FB67 /* GameObject.cpp in Sources */ = {isa = PBXBuildFile; fileRef = 5B095C14188B21540058FB67 /* GameObject.cpp */; };
		5B095C28188B21540058FB67 /* icon.png in Resources */ = {isa = PBXBuildFile; fileRef = 5B095C16188B21540058FB67 /* icon.png */; };
		5B095C2C188B21540058FB67 /* Player.cpp in Sources */ = {isa = PBXBuildFile; fileRef = 5B095C1A188B21540058FB67 /* Player.cpp */; };
		5B095C33188B29410058FB67 /* getResourcePath.cpp in Sources */ = {isa = PBXBuildFile; fileRef = 5B095C31188B29410058FB67 /* getResourcePath.cpp */; };
		5B095C3B188B33BB0058FB67 /* Enemy.cpp in Sources */ = {isa = PBXBuildFile; fileRef = 5B095C39188B33BB0058FB67 /* Enemy.cpp */; };
		5B095C3D188B33C60058FB67 /* Enemy.png in Resources */ = {isa = PBXBuildFile; fileRef = 5B095C3C188B33C60058FB67 /* Enemy.png */; };
		5B12BDEF188CFBAB006D8C8E /* config.ini in Resources */ = {isa = PBXBuildFile; fileRef = 5B12BDDE188CFBAB006D8C8E /* config.ini */; };
		5B12BDF0188CFBAB006D8C8E /* ConfigurationHandler.cpp in Sources */ = {isa = PBXBuildFile; fileRef = 5B12BDDF188CFBAB006D8C8E /* ConfigurationHandler.cpp */; };
		5B12BDF1188CFBAB006D8C8E /* EnemyManager.cpp in Sources */ = {isa = PBXBuildFile; fileRef = 5B12BDE2188CFBAB006D8C8E /* EnemyManager.cpp */; };
		5B12BDF2188CFBAB006D8C8E /* MainGameScene.cpp in Sources */ = {isa = PBXBuildFile; fileRef = 5B12BDE6188CFBAB006D8C8E /* MainGameScene.cpp */; };
		5B12BDF3188CFBAB006D8C8E /* Projectile.cpp in Sources */ = {isa = PBXBuildFile; fileRef = 5B12BDE9188CFBAB006D8C8E /* Projectile.cpp */; };
		5B12BDF4188CFBAB006D8C8E /* Scene.cpp in Sources */ = {isa = PBXBuildFile; fileRef = 5B12BDEB188CFBAB006D8C8E /* Scene.cpp */; };
		5B12BDF5188CFBAB006D8C8E /* SceneManager.cpp in Sources */ = {isa = PBXBuildFile; fileRef = 5B12BDED188CFBAB006D8C8E /* SceneManager.cpp */; };
		5B12BDF9188CFC76006D8C8E /* Projectile.png in Resources */ = {isa = PBXBuildFile; fileRef = 5B12BDF8188CFC76006D8C8E /* Projectile.png */; };
		5B5D359118C4A9F7004B02FD /* upgrades.ini in Resources */ = {isa = PBXBuildFile; fileRef = 5B5D359018C4A9F7004B02FD /* upgrades.ini */; };
		5B928A9C18A9143B00DF7566 /* ProjectileDeath.png in Resources */ = {isa = PBXBuildFile; fileRef = 5B928A9B18A9143B00DF7566 /* ProjectileDeath.png */; };
		5B928A9F18A9144300DF7566 /* blocks.ttf in Resources */ = {isa = PBXBuildFile; fileRef = 5B928A9E18A9144300DF7566 /* blocks.ttf */; };
		5B928AA218A9145000DF7566 /* Character.cpp in Sources */ = {isa = PBXBuildFile; fileRef = 5B928AA018A9145000DF7566 /* Character.cpp */; };
		5B928AA518A9147300DF7566 /* EnemySquare.cpp in Sources */ = {isa = PBXBuildFile; fileRef = 5B928AA318A9147300DF7566 /* EnemySquare.cpp */; };
		5B928AA818A9148800DF7566 /* TitleScreenScene.cpp in Sources */ = {isa = PBXBuildFile; fileRef = 5B928AA618A9148800DF7566 /* TitleScreenScene.cpp */; };
		5BB7E11A18B2946F00680237 /* PlayerProjectile.cpp in Sources */ = {isa = PBXBuildFile; fileRef = 5BB7E11818B2946F00680237 /* PlayerProjectile.cpp */; };
		5BB7E11D18B2948400680237 /* EnemyTriangle.cpp in Sources */ = {isa = PBXBuildFile; fileRef = 5BB7E11B18B2948400680237 /* EnemyTriangle.cpp */; };
		5BB7E12018B2949000680237 /* EnemyProjectile.cpp in Sources */ = {isa = PBXBuildFile; fileRef = 5BB7E11E18B2949000680237 /* EnemyProjectile.cpp */; };
		5BB7E12418B2956F00680237 /* UpgradeManager.cpp in Sources */ = {isa = PBXBuildFile; fileRef = 5BB7E12218B2956F00680237 /* UpgradeManager.cpp */; };
		5BB7E12718B296A800680237 /* Upgrade.cpp in Sources */ = {isa = PBXBuildFile; fileRef = 5BB7E12518B296A800680237 /* Upgrade.cpp */; };
		5BD1660118D53EEE0035C7B7 /* BackgroundNoStuff.png in Resources */ = {isa = PBXBuildFile; fileRef = 5BD1660018D53EEE0035C7B7 /* BackgroundNoStuff.png */; };
		5BD1660318D53EF50035C7B7 /* Background.png in Resources */ = {isa = PBXBuildFile; fileRef = 5BD1660218D53EF50035C7B7 /* Background.png */; };
		5BD1660618D55F7F0035C7B7 /* GameOverScreenScene.cpp in Sources */ = {isa = PBXBuildFile; fileRef = 5BD1660418D55F7F0035C7B7 /* GameOverScreenScene.cpp */; };
		5BD1660B18D57C190035C7B7 /* SmartPoint.cpp in Sources */ = {isa = PBXBuildFile; fileRef = 5BD1660718D57C190035C7B7 /* SmartPoint.cpp */; };
		5BD1660C18D57C190035C7B7 /* SmartShape.cpp in Sources */ = {isa = PBXBuildFile; fileRef = 5BD1660918D57C190035C7B7 /* SmartShape.cpp */; };
		5BD1660E18D597360035C7B7 /* TitleBackground.png in Resources */ = {isa = PBXBuildFile; fileRef = 5BD1660D18D597360035C7B7 /* TitleBackground.png */; };
		5BD1661018D599C50035C7B7 /* GameOverBackground.png in Resources */ = {isa = PBXBuildFile; fileRef = 5BD1660F18D599C50035C7B7 /* GameOverBackground.png */; };
		5BD1661D18D59A170035C7B7 /* Enemy death.wav in Resources */ = {isa = PBXBuildFile; fileRef = 5BD1661318D59A170035C7B7 /* Enemy death.wav */; };
		5BD1661E18D59A170035C7B7 /* Enemy shoot.wav in Resources */ = {isa = PBXBuildFile; fileRef = 5BD1661418D59A170035C7B7 /* Enemy shoot.wav */; };
		5BD1662118D59A170035C7B7 /* Player Death.wav in Resources */ = {isa = PBXBuildFile; fileRef = 5BD1661718D59A170035C7B7 /* Player Death.wav */; };
		5BD1662218D59A170035C7B7 /* Player Hurt.wav in Resources */ = {isa = PBXBuildFile; fileRef = 5BD1661818D59A170035C7B7 /* Player Hurt.wav */; };
		5BD1662318D59A170035C7B7 /* Player shoot.wav in Resources */ = {isa = PBXBuildFile; fileRef = 5BD1661918D59A170035C7B7 /* Player shoot.wav */; };
		5BD1662418D59A170035C7B7 /* Select.wav in Resources */ = {isa = PBXBuildFile; fileRef = 5BD1661A18D59A170035C7B7 /* Select.wav */; };
		5BD1662518D59A170035C7B7 /* Upgrade.wav in Resources */ = {isa = PBXBuildFile; fileRef = 5BD1661B18D59A170035C7B7 /* Upgrade.wav */; };
		5BD1662918D5A6F70035C7B7 /* Enemy Circle hurt.wav in Resources */ = {isa = PBXBuildFile; fileRef = 5BD1662618D5A6F70035C7B7 /* Enemy Circle hurt.wav */; };
		5BD1662A18D5A6F70035C7B7 /* Enemy Square hurt.wav in Resources */ = {isa = PBXBuildFile; fileRef = 5BD1662718D5A6F70035C7B7 /* Enemy Square hurt.wav */; };
		5BD1662B18D5A6F70035C7B7 /* EnemyTriangle hurt.wav in Resources */ = {isa = PBXBuildFile; fileRef = 5BD1662818D5A6F70035C7B7 /* EnemyTriangle hurt.wav */; };
/* End PBXBuildFile section */

/* Begin PBXFileReference section */
		5B095BF3188B20E30058FB67 /* BlockyRogue.app */ = {isa = PBXFileReference; explicitFileType = wrapper.application; includeInIndex = 0; path = BlockyRogue.app; sourceTree = BUILT_PRODUCTS_DIR; };
		5B095BF7188B20E30058FB67 /* BlockyRogue-Info.plist */ = {isa = PBXFileReference; lastKnownFileType = text.plist.xml; path = "BlockyRogue-Info.plist"; sourceTree = "<group>"; };
		5B095BF8188B20E30058FB67 /* ResourcePath.mm */ = {isa = PBXFileReference; lastKnownFileType = sourcecode.cpp.objcpp; name = ResourcePath.mm; path = BlockyRogue/ResourcePath.mm; sourceTree = "<group>"; };
		5B095BFA188B20E30058FB67 /* ResourcePath.hpp */ = {isa = PBXFileReference; lastKnownFileType = sourcecode.cpp.h; name = ResourcePath.hpp; path = BlockyRogue/ResourcePath.hpp; sourceTree = "<group>"; };
		5B095BFB188B20E30058FB67 /* main.cpp */ = {isa = PBXFileReference; lastKnownFileType = sourcecode.cpp.cpp; name = main.cpp; path = BlockyRogue/main.cpp; sourceTree = "<group>"; };
		5B095C0E188B21540058FB67 /* Player.png */ = {isa = PBXFileReference; lastKnownFileType = image.png; path = Player.png; sourceTree = "<group>"; };
		5B095C14188B21540058FB67 /* GameObject.cpp */ = {isa = PBXFileReference; fileEncoding = 4; lastKnownFileType = sourcecode.cpp.cpp; name = GameObject.cpp; path = BlockyRogue/GameObject.cpp; sourceTree = "<group>"; };
		5B095C16188B21540058FB67 /* icon.png */ = {isa = PBXFileReference; lastKnownFileType = image.png; name = icon.png; path = BlockyRogue/icon.png; sourceTree = "<group>"; };
		5B095C1A188B21540058FB67 /* Player.cpp */ = {isa = PBXFileReference; fileEncoding = 4; lastKnownFileType = sourcecode.cpp.cpp; name = Player.cpp; path = BlockyRogue/Player.cpp; sourceTree = "<group>"; };
		5B095C1D188B21540058FB67 /* resource.h */ = {isa = PBXFileReference; fileEncoding = 4; lastKnownFileType = sourcecode.c.h; name = resource.h; path = BlockyRogue/resource.h; sourceTree = "<group>"; };
		5B095C31188B29410058FB67 /* getResourcePath.cpp */ = {isa = PBXFileReference; fileEncoding = 4; lastKnownFileType = sourcecode.cpp.cpp; name = getResourcePath.cpp; path = BlockyRogue/getResourcePath.cpp; sourceTree = "<group>"; };
		5B095C39188B33BB0058FB67 /* Enemy.cpp */ = {isa = PBXFileReference; fileEncoding = 4; lastKnownFileType = sourcecode.cpp.cpp; name = Enemy.cpp; path = BlockyRogue/Enemy.cpp; sourceTree = "<group>"; };
		5B095C3C188B33C60058FB67 /* Enemy.png */ = {isa = PBXFileReference; lastKnownFileType = image.png; path = Enemy.png; sourceTree = "<group>"; };
		5B12BDDE188CFBAB006D8C8E /* config.ini */ = {isa = PBXFileReference; fileEncoding = 4; lastKnownFileType = text; path = config.ini; sourceTree = "<group>"; };
		5B12BDDF188CFBAB006D8C8E /* ConfigurationHandler.cpp */ = {isa = PBXFileReference; fileEncoding = 4; lastKnownFileType = sourcecode.cpp.cpp; name = ConfigurationHandler.cpp; path = BlockyRogue/ConfigurationHandler.cpp; sourceTree = "<group>"; };
		5B12BDE0188CFBAB006D8C8E /* ConfigurationHandler.hpp */ = {isa = PBXFileReference; fileEncoding = 4; lastKnownFileType = sourcecode.cpp.h; name = ConfigurationHandler.hpp; path = BlockyRogue/ConfigurationHandler.hpp; sourceTree = "<group>"; };
		5B12BDE1188CFBAB006D8C8E /* Enemy.hpp */ = {isa = PBXFileReference; fileEncoding = 4; lastKnownFileType = sourcecode.cpp.h; name = Enemy.hpp; path = BlockyRogue/Enemy.hpp; sourceTree = "<group>"; };
		5B12BDE2188CFBAB006D8C8E /* EnemyManager.cpp */ = {isa = PBXFileReference; fileEncoding = 4; lastKnownFileType = sourcecode.cpp.cpp; name = EnemyManager.cpp; path = BlockyRogue/EnemyManager.cpp; sourceTree = "<group>"; };
		5B12BDE3188CFBAB006D8C8E /* EnemyManager.hpp */ = {isa = PBXFileReference; fileEncoding = 4; lastKnownFileType = sourcecode.cpp.h; name = EnemyManager.hpp; path = BlockyRogue/EnemyManager.hpp; sourceTree = "<group>"; };
		5B12BDE4188CFBAB006D8C8E /* GameObject.hpp */ = {isa = PBXFileReference; fileEncoding = 4; lastKnownFileType = sourcecode.cpp.h; name = GameObject.hpp; path = BlockyRogue/GameObject.hpp; sourceTree = "<group>"; };
		5B12BDE5188CFBAB006D8C8E /* getResourcePath.hpp */ = {isa = PBXFileReference; fileEncoding = 4; lastKnownFileType = sourcecode.cpp.h; name = getResourcePath.hpp; path = BlockyRogue/getResourcePath.hpp; sourceTree = "<group>"; };
		5B12BDE6188CFBAB006D8C8E /* MainGameScene.cpp */ = {isa = PBXFileReference; fileEncoding = 4; lastKnownFileType = sourcecode.cpp.cpp; name = MainGameScene.cpp; path = BlockyRogue/MainGameScene.cpp; sourceTree = "<group>"; };
		5B12BDE7188CFBAB006D8C8E /* MainGameScene.hpp */ = {isa = PBXFileReference; fileEncoding = 4; lastKnownFileType = sourcecode.cpp.h; name = MainGameScene.hpp; path = BlockyRogue/MainGameScene.hpp; sourceTree = "<group>"; };
		5B12BDE8188CFBAB006D8C8E /* Player.hpp */ = {isa = PBXFileReference; fileEncoding = 4; lastKnownFileType = sourcecode.cpp.h; name = Player.hpp; path = BlockyRogue/Player.hpp; sourceTree = "<group>"; };
		5B12BDE9188CFBAB006D8C8E /* Projectile.cpp */ = {isa = PBXFileReference; fileEncoding = 4; lastKnownFileType = sourcecode.cpp.cpp; name = Projectile.cpp; path = BlockyRogue/Projectile.cpp; sourceTree = "<group>"; };
		5B12BDEA188CFBAB006D8C8E /* Projectile.hpp */ = {isa = PBXFileReference; fileEncoding = 4; lastKnownFileType = sourcecode.cpp.h; name = Projectile.hpp; path = BlockyRogue/Projectile.hpp; sourceTree = "<group>"; };
		5B12BDEB188CFBAB006D8C8E /* Scene.cpp */ = {isa = PBXFileReference; fileEncoding = 4; lastKnownFileType = sourcecode.cpp.cpp; name = Scene.cpp; path = BlockyRogue/Scene.cpp; sourceTree = "<group>"; };
		5B12BDEC188CFBAB006D8C8E /* Scene.hpp */ = {isa = PBXFileReference; fileEncoding = 4; lastKnownFileType = sourcecode.cpp.h; name = Scene.hpp; path = BlockyRogue/Scene.hpp; sourceTree = "<group>"; };
		5B12BDED188CFBAB006D8C8E /* SceneManager.cpp */ = {isa = PBXFileReference; fileEncoding = 4; lastKnownFileType = sourcecode.cpp.cpp; name = SceneManager.cpp; path = BlockyRogue/SceneManager.cpp; sourceTree = "<group>"; };
		5B12BDEE188CFBAB006D8C8E /* SceneManager.hpp */ = {isa = PBXFileReference; fileEncoding = 4; lastKnownFileType = sourcecode.cpp.h; name = SceneManager.hpp; path = BlockyRogue/SceneManager.hpp; sourceTree = "<group>"; };
		5B12BDF8188CFC76006D8C8E /* Projectile.png */ = {isa = PBXFileReference; lastKnownFileType = image.png; path = Projectile.png; sourceTree = "<group>"; };
		5B5D359018C4A9F7004B02FD /* upgrades.ini */ = {isa = PBXFileReference; fileEncoding = 4; lastKnownFileType = text; path = upgrades.ini; sourceTree = "<group>"; };
		5B928A9B18A9143B00DF7566 /* ProjectileDeath.png */ = {isa = PBXFileReference; lastKnownFileType = image.png; path = ProjectileDeath.png; sourceTree = "<group>"; };
		5B928A9E18A9144300DF7566 /* blocks.ttf */ = {isa = PBXFileReference; lastKnownFileType = file; path = blocks.ttf; sourceTree = "<group>"; };
		5B928AA018A9145000DF7566 /* Character.cpp */ = {isa = PBXFileReference; fileEncoding = 4; lastKnownFileType = sourcecode.cpp.cpp; name = Character.cpp; path = BlockyRogue/Character.cpp; sourceTree = "<group>"; };
		5B928AA118A9145000DF7566 /* Character.hpp */ = {isa = PBXFileReference; fileEncoding = 4; lastKnownFileType = sourcecode.cpp.h; name = Character.hpp; path = BlockyRogue/Character.hpp; sourceTree = "<group>"; };
		5B928AA318A9147300DF7566 /* EnemySquare.cpp */ = {isa = PBXFileReference; fileEncoding = 4; lastKnownFileType = sourcecode.cpp.cpp; name = EnemySquare.cpp; path = BlockyRogue/EnemySquare.cpp; sourceTree = "<group>"; };
		5B928AA418A9147300DF7566 /* EnemySquare.hpp */ = {isa = PBXFileReference; fileEncoding = 4; lastKnownFileType = sourcecode.cpp.h; name = EnemySquare.hpp; path = BlockyRogue/EnemySquare.hpp; sourceTree = "<group>"; };
		5B928AA618A9148800DF7566 /* TitleScreenScene.cpp */ = {isa = PBXFileReference; fileEncoding = 4; lastKnownFileType = sourcecode.cpp.cpp; name = TitleScreenScene.cpp; path = BlockyRogue/TitleScreenScene.cpp; sourceTree = "<group>"; };
		5B928AA718A9148800DF7566 /* TitleScreenScene.hpp */ = {isa = PBXFileReference; fileEncoding = 4; lastKnownFileType = sourcecode.cpp.h; name = TitleScreenScene.hpp; path = BlockyRogue/TitleScreenScene.hpp; sourceTree = "<group>"; };
		5BB7E11818B2946F00680237 /* PlayerProjectile.cpp */ = {isa = PBXFileReference; fileEncoding = 4; lastKnownFileType = sourcecode.cpp.cpp; name = PlayerProjectile.cpp; path = BlockyRogue/PlayerProjectile.cpp; sourceTree = "<group>"; };
		5BB7E11918B2946F00680237 /* PlayerProjectile.hpp */ = {isa = PBXFileReference; fileEncoding = 4; lastKnownFileType = sourcecode.cpp.h; name = PlayerProjectile.hpp; path = BlockyRogue/PlayerProjectile.hpp; sourceTree = "<group>"; };
		5BB7E11B18B2948400680237 /* EnemyTriangle.cpp */ = {isa = PBXFileReference; fileEncoding = 4; lastKnownFileType = sourcecode.cpp.cpp; name = EnemyTriangle.cpp; path = BlockyRogue/EnemyTriangle.cpp; sourceTree = "<group>"; };
		5BB7E11C18B2948400680237 /* EnemyTriangle.hpp */ = {isa = PBXFileReference; fileEncoding = 4; lastKnownFileType = sourcecode.cpp.h; name = EnemyTriangle.hpp; path = BlockyRogue/EnemyTriangle.hpp; sourceTree = "<group>"; };
		5BB7E11E18B2949000680237 /* EnemyProjectile.cpp */ = {isa = PBXFileReference; fileEncoding = 4; lastKnownFileType = sourcecode.cpp.cpp; name = EnemyProjectile.cpp; path = BlockyRogue/EnemyProjectile.cpp; sourceTree = "<group>"; };
		5BB7E11F18B2949000680237 /* EnemyProjectile.hpp */ = {isa = PBXFileReference; fileEncoding = 4; lastKnownFileType = sourcecode.cpp.h; name = EnemyProjectile.hpp; path = BlockyRogue/EnemyProjectile.hpp; sourceTree = "<group>"; };
		5BB7E12218B2956F00680237 /* UpgradeManager.cpp */ = {isa = PBXFileReference; fileEncoding = 4; lastKnownFileType = sourcecode.cpp.cpp; name = UpgradeManager.cpp; path = BlockyRogue/UpgradeManager.cpp; sourceTree = "<group>"; };
		5BB7E12318B2956F00680237 /* UpgradeManager.hpp */ = {isa = PBXFileReference; fileEncoding = 4; lastKnownFileType = sourcecode.cpp.h; name = UpgradeManager.hpp; path = BlockyRogue/UpgradeManager.hpp; sourceTree = "<group>"; };
		5BB7E12518B296A800680237 /* Upgrade.cpp */ = {isa = PBXFileReference; fileEncoding = 4; lastKnownFileType = sourcecode.cpp.cpp; name = Upgrade.cpp; path = BlockyRogue/Upgrade.cpp; sourceTree = "<group>"; };
		5BB7E12618B296A800680237 /* Upgrade.hpp */ = {isa = PBXFileReference; fileEncoding = 4; lastKnownFileType = sourcecode.cpp.h; name = Upgrade.hpp; path = BlockyRogue/Upgrade.hpp; sourceTree = "<group>"; };
		5BD1660018D53EEE0035C7B7 /* BackgroundNoStuff.png */ = {isa = PBXFileReference; lastKnownFileType = image.png; path = BackgroundNoStuff.png; sourceTree = "<group>"; };
		5BD1660218D53EF50035C7B7 /* Background.png */ = {isa = PBXFileReference; lastKnownFileType = image.png; path = Background.png; sourceTree = "<group>"; };
		5BD1660418D55F7F0035C7B7 /* GameOverScreenScene.cpp */ = {isa = PBXFileReference; fileEncoding = 4; lastKnownFileType = sourcecode.cpp.cpp; name = GameOverScreenScene.cpp; path = BlockyRogue/GameOverScreenScene.cpp; sourceTree = "<group>"; };
		5BD1660518D55F7F0035C7B7 /* GameOverScreenScene.hpp */ = {isa = PBXFileReference; fileEncoding = 4; lastKnownFileType = sourcecode.cpp.h; name = GameOverScreenScene.hpp; path = BlockyRogue/GameOverScreenScene.hpp; sourceTree = "<group>"; };
		5BD1660718D57C190035C7B7 /* SmartPoint.cpp */ = {isa = PBXFileReference; fileEncoding = 4; lastKnownFileType = sourcecode.cpp.cpp; name = SmartPoint.cpp; path = BlockyRogue/SmartPoint.cpp; sourceTree = "<group>"; };
		5BD1660818D57C190035C7B7 /* SmartPoint.hpp */ = {isa = PBXFileReference; fileEncoding = 4; lastKnownFileType = sourcecode.cpp.h; name = SmartPoint.hpp; path = BlockyRogue/SmartPoint.hpp; sourceTree = "<group>"; };
		5BD1660918D57C190035C7B7 /* SmartShape.cpp */ = {isa = PBXFileReference; fileEncoding = 4; lastKnownFileType = sourcecode.cpp.cpp; name = SmartShape.cpp; path = BlockyRogue/SmartShape.cpp; sourceTree = "<group>"; };
		5BD1660A18D57C190035C7B7 /* SmartShape.hpp */ = {isa = PBXFileReference; fileEncoding = 4; lastKnownFileType = sourcecode.cpp.h; name = SmartShape.hpp; path = BlockyRogue/SmartShape.hpp; sourceTree = "<group>"; };
		5BD1660D18D597360035C7B7 /* TitleBackground.png */ = {isa = PBXFileReference; lastKnownFileType = image.png; path = TitleBackground.png; sourceTree = "<group>"; };
		5BD1660F18D599C50035C7B7 /* GameOverBackground.png */ = {isa = PBXFileReference; lastKnownFileType = image.png; path = GameOverBackground.png; sourceTree = "<group>"; };
		5BD1661318D59A170035C7B7 /* Enemy death.wav */ = {isa = PBXFileReference; lastKnownFileType = audio.wav; path = "Enemy death.wav"; sourceTree = "<group>"; };
		5BD1661418D59A170035C7B7 /* Enemy shoot.wav */ = {isa = PBXFileReference; lastKnownFileType = audio.wav; path = "Enemy shoot.wav"; sourceTree = "<group>"; };
		5BD1661718D59A170035C7B7 /* Player Death.wav */ = {isa = PBXFileReference; lastKnownFileType = audio.wav; path = "Player Death.wav"; sourceTree = "<group>"; };
		5BD1661818D59A170035C7B7 /* Player Hurt.wav */ = {isa = PBXFileReference; lastKnownFileType = audio.wav; path = "Player Hurt.wav"; sourceTree = "<group>"; };
		5BD1661918D59A170035C7B7 /* Player shoot.wav */ = {isa = PBXFileReference; lastKnownFileType = audio.wav; path = "Player shoot.wav"; sourceTree = "<group>"; };
		5BD1661A18D59A170035C7B7 /* Select.wav */ = {isa = PBXFileReference; lastKnownFileType = audio.wav; path = Select.wav; sourceTree = "<group>"; };
		5BD1661B18D59A170035C7B7 /* Upgrade.wav */ = {isa = PBXFileReference; lastKnownFileType = audio.wav; path = Upgrade.wav; sourceTree = "<group>"; };
		5BD1662618D5A6F70035C7B7 /* Enemy Circle hurt.wav */ = {isa = PBXFileReference; lastKnownFileType = audio.wav; path = "Enemy Circle hurt.wav"; sourceTree = "<group>"; };
		5BD1662718D5A6F70035C7B7 /* Enemy Square hurt.wav */ = {isa = PBXFileReference; lastKnownFileType = audio.wav; path = "Enemy Square hurt.wav"; sourceTree = "<group>"; };
		5BD1662818D5A6F70035C7B7 /* EnemyTriangle hurt.wav */ = {isa = PBXFileReference; lastKnownFileType = audio.wav; path = "EnemyTriangle hurt.wav"; sourceTree = "<group>"; };
/* End PBXFileReference section */

/* Begin PBXFrameworksBuildPhase section */
		5B095BEF188B20E30058FB67 /* Frameworks */ = {
			isa = PBXFrameworksBuildPhase;
			buildActionMask = 2147483647;
			files = (
			);
			runOnlyForDeploymentPostprocessing = 0;
		};
/* End PBXFrameworksBuildPhase section */

/* Begin PBXGroup section */
		5B095BE9188B20E30058FB67 = {
			isa = PBXGroup;
			children = (
				5B095C30188B216C0058FB67 /* BlockyRogue */,
				5B095BF4188B20E30058FB67 /* Products */,
			);
			sourceTree = "<group>";
		};
		5B095BF4188B20E30058FB67 /* Products */ = {
			isa = PBXGroup;
			children = (
				5B095BF3188B20E30058FB67 /* BlockyRogue.app */,
			);
			name = Products;
			sourceTree = "<group>";
		};
		5B095BF6188B20E30058FB67 /* Supporting Files */ = {
			isa = PBXGroup;
			children = (
				5B095BF7188B20E30058FB67 /* BlockyRogue-Info.plist */,
			);
			name = "Supporting Files";
			path = BlockyRogue;
			sourceTree = "<group>";
		};
		5B095BFD188B20E30058FB67 /* Resources */ = {
			isa = PBXGroup;
			children = (
				5B5D359018C4A9F7004B02FD /* upgrades.ini */,
				5B12BDDE188CFBAB006D8C8E /* config.ini */,
				5B095C0C188B21540058FB67 /* Assets */,
			);
			name = Resources;
			path = BlockyRogue;
			sourceTree = "<group>";
		};
		5B095C0C188B21540058FB67 /* Assets */ = {
			isa = PBXGroup;
			children = (
				5BD1661118D59A170035C7B7 /* Sounds */,
				5B928A9D18A9144300DF7566 /* Fonts */,
				5B095C0D188B21540058FB67 /* Graphics */,
			);
			path = Assets;
			sourceTree = "<group>";
		};
		5B095C0D188B21540058FB67 /* Graphics */ = {
			isa = PBXGroup;
			children = (
				5BD1660F18D599C50035C7B7 /* GameOverBackground.png */,
				5BD1660D18D597360035C7B7 /* TitleBackground.png */,
				5BD1660218D53EF50035C7B7 /* Background.png */,
				5BD1660018D53EEE0035C7B7 /* BackgroundNoStuff.png */,
				5B928A9B18A9143B00DF7566 /* ProjectileDeath.png */,
				5B12BDF8188CFC76006D8C8E /* Projectile.png */,
				5B095C3C188B33C60058FB67 /* Enemy.png */,
				5B095C0E188B21540058FB67 /* Player.png */,
			);
			path = Graphics;
			sourceTree = "<group>";
		};
		5B095C30188B216C0058FB67 /* BlockyRogue */ = {
			isa = PBXGroup;
			children = (
				5B095BFB188B20E30058FB67 /* main.cpp */,
				5BB7E12818B296D600680237 /* Upgrades */,
				5B12BDF6188CFBFB006D8C8E /* Objects */,
				5B12BDDF188CFBAB006D8C8E /* ConfigurationHandler.cpp */,
				5B12BDE0188CFBAB006D8C8E /* ConfigurationHandler.hpp */,
				5B12BDF7188CFC3C006D8C8E /* Scenes */,
				5B095C38188B2C140058FB67 /* ResourceCode */,
				5B095C16188B21540058FB67 /* icon.png */,
				5B095C1D188B21540058FB67 /* resource.h */,
				5B095BFD188B20E30058FB67 /* Resources */,
				5B095BF6188B20E30058FB67 /* Supporting Files */,
			);
			name = BlockyRogue;
			sourceTree = "<group>";
		};
		5B095C38188B2C140058FB67 /* ResourceCode */ = {
			isa = PBXGroup;
			children = (
				5B095C31188B29410058FB67 /* getResourcePath.cpp */,
				5B12BDE5188CFBAB006D8C8E /* getResourcePath.hpp */,
				5B095BF8188B20E30058FB67 /* ResourcePath.mm */,
				5B095BFA188B20E30058FB67 /* ResourcePath.hpp */,
			);
			name = ResourceCode;
			sourceTree = "<group>";
		};
		5B095C3E188B3F4C0058FB67 /* Enemy */ = {
			isa = PBXGroup;
			children = (
				5BB7E11B18B2948400680237 /* EnemyTriangle.cpp */,
				5BB7E11C18B2948400680237 /* EnemyTriangle.hpp */,
				5B095C14188B21540058FB67 /* GameObject.cpp */,
				5B12BDE4188CFBAB006D8C8E /* GameObject.hpp */,
				5B095C39188B33BB0058FB67 /* Enemy.cpp */,
				5B12BDE1188CFBAB006D8C8E /* Enemy.hpp */,
				5B12BDE2188CFBAB006D8C8E /* EnemyManager.cpp */,
				5B12BDE3188CFBAB006D8C8E /* EnemyManager.hpp */,
				5B928AA318A9147300DF7566 /* EnemySquare.cpp */,
				5B928AA418A9147300DF7566 /* EnemySquare.hpp */,
			);
			name = Enemy;
			sourceTree = "<group>";
		};
		5B12BDF6188CFBFB006D8C8E /* Objects */ = {
			isa = PBXGroup;
			children = (
				5BD1660718D57C190035C7B7 /* SmartPoint.cpp */,
				5BD1660818D57C190035C7B7 /* SmartPoint.hpp */,
				5BD1660918D57C190035C7B7 /* SmartShape.cpp */,
				5BD1660A18D57C190035C7B7 /* SmartShape.hpp */,
				5BB7E12118B294E500680237 /* Projectiles */,
				5B928AA018A9145000DF7566 /* Character.cpp */,
				5B928AA118A9145000DF7566 /* Character.hpp */,
				5B095C1A188B21540058FB67 /* Player.cpp */,
				5B12BDE8188CFBAB006D8C8E /* Player.hpp */,
				5B095C3E188B3F4C0058FB67 /* Enemy */,
			);
			name = Objects;
			sourceTree = "<group>";
		};
		5B12BDF7188CFC3C006D8C8E /* Scenes */ = {
			isa = PBXGroup;
			children = (
				5BD1660418D55F7F0035C7B7 /* GameOverScreenScene.cpp */,
				5BD1660518D55F7F0035C7B7 /* GameOverScreenScene.hpp */,
				5B928AA618A9148800DF7566 /* TitleScreenScene.cpp */,
				5B928AA718A9148800DF7566 /* TitleScreenScene.hpp */,
				5B12BDE6188CFBAB006D8C8E /* MainGameScene.cpp */,
				5B12BDE7188CFBAB006D8C8E /* MainGameScene.hpp */,
				5B12BDEB188CFBAB006D8C8E /* Scene.cpp */,
				5B12BDEC188CFBAB006D8C8E /* Scene.hpp */,
				5B12BDED188CFBAB006D8C8E /* SceneManager.cpp */,
				5B12BDEE188CFBAB006D8C8E /* SceneManager.hpp */,
			);
			name = Scenes;
			sourceTree = "<group>";
		};
		5B928A9D18A9144300DF7566 /* Fonts */ = {
			isa = PBXGroup;
			children = (
				5B928A9E18A9144300DF7566 /* blocks.ttf */,
			);
			path = Fonts;
			sourceTree = "<group>";
		};
		5BB7E12118B294E500680237 /* Projectiles */ = {
			isa = PBXGroup;
			children = (
				5B12BDE9188CFBAB006D8C8E /* Projectile.cpp */,
				5B12BDEA188CFBAB006D8C8E /* Projectile.hpp */,
				5BB7E11818B2946F00680237 /* PlayerProjectile.cpp */,
				5BB7E11918B2946F00680237 /* PlayerProjectile.hpp */,
				5BB7E11E18B2949000680237 /* EnemyProjectile.cpp */,
				5BB7E11F18B2949000680237 /* EnemyProjectile.hpp */,
			);
			name = Projectiles;
			sourceTree = "<group>";
		};
		5BB7E12818B296D600680237 /* Upgrades */ = {
			isa = PBXGroup;
			children = (
				5BB7E12218B2956F00680237 /* UpgradeManager.cpp */,
				5BB7E12318B2956F00680237 /* UpgradeManager.hpp */,
				5BB7E12518B296A800680237 /* Upgrade.cpp */,
				5BB7E12618B296A800680237 /* Upgrade.hpp */,
			);
			name = Upgrades;
			sourceTree = "<group>";
		};
		5BD1661118D59A170035C7B7 /* Sounds */ = {
			isa = PBXGroup;
			children = (
				5BD1662618D5A6F70035C7B7 /* Enemy Circle hurt.wav */,
				5BD1662718D5A6F70035C7B7 /* Enemy Square hurt.wav */,
				5BD1662818D5A6F70035C7B7 /* EnemyTriangle hurt.wav */,
				5BD1661318D59A170035C7B7 /* Enemy death.wav */,
				5BD1661418D59A170035C7B7 /* Enemy shoot.wav */,
				5BD1661718D59A170035C7B7 /* Player Death.wav */,
				5BD1661818D59A170035C7B7 /* Player Hurt.wav */,
				5BD1661918D59A170035C7B7 /* Player shoot.wav */,
				5BD1661A18D59A170035C7B7 /* Select.wav */,
				5BD1661B18D59A170035C7B7 /* Upgrade.wav */,
			);
			path = Sounds;
			sourceTree = "<group>";
		};
/* End PBXGroup section */

/* Begin PBXNativeTarget section */
		5B095BF2188B20E30058FB67 /* BlockyRogue */ = {
			isa = PBXNativeTarget;
			buildConfigurationList = 5B095C08188B20E30058FB67 /* Build configuration list for PBXNativeTarget "BlockyRogue" */;
			buildPhases = (
				5B095BEE188B20E30058FB67 /* Sources */,
				5B095BEF188B20E30058FB67 /* Frameworks */,
				5B095BF0188B20E30058FB67 /* Resources */,
				5B095BF1188B20E30058FB67 /* ShellScript */,
			);
			buildRules = (
			);
			dependencies = (
			);
			name = BlockyRogue;
			productName = BlockyRogue;
			productReference = 5B095BF3188B20E30058FB67 /* BlockyRogue.app */;
			productType = "com.apple.product-type.application";
		};
/* End PBXNativeTarget section */

/* Begin PBXProject section */
		5B095BEA188B20E30058FB67 /* Project object */ = {
			isa = PBXProject;
			attributes = {
				LastUpgradeCheck = 0500;
				ORGANIZATIONNAME = VGDC;
			};
			buildConfigurationList = 5B095BED188B20E30058FB67 /* Build configuration list for PBXProject "BlockyRogue" */;
			compatibilityVersion = "Xcode 3.2";
			developmentRegion = English;
			hasScannedForEncodings = 0;
			knownRegions = (
				en,
			);
			mainGroup = 5B095BE9188B20E30058FB67;
			productRefGroup = 5B095BF4188B20E30058FB67 /* Products */;
			projectDirPath = "";
			projectRoot = "";
			targets = (
				5B095BF2188B20E30058FB67 /* BlockyRogue */,
			);
		};
/* End PBXProject section */

/* Begin PBXResourcesBuildPhase section */
		5B095BF0188B20E30058FB67 /* Resources */ = {
			isa = PBXResourcesBuildPhase;
			buildActionMask = 2147483647;
			files = (
				5B095C3D188B33C60058FB67 /* Enemy.png in Resources */,
				5BD1661E18D59A170035C7B7 /* Enemy shoot.wav in Resources */,
				5B928A9F18A9144300DF7566 /* blocks.ttf in Resources */,
				5B095C28188B21540058FB67 /* icon.png in Resources */,
				5BD1662918D5A6F70035C7B7 /* Enemy Circle hurt.wav in Resources */,
				5BD1661D18D59A170035C7B7 /* Enemy death.wav in Resources */,
				5BD1661018D599C50035C7B7 /* GameOverBackground.png in Resources */,
				5B12BDF9188CFC76006D8C8E /* Projectile.png in Resources */,
				5BD1660118D53EEE0035C7B7 /* BackgroundNoStuff.png in Resources */,
				5BD1662318D59A170035C7B7 /* Player shoot.wav in Resources */,
				5BD1662218D59A170035C7B7 /* Player Hurt.wav in Resources */,
				5BD1660E18D597360035C7B7 /* TitleBackground.png in Resources */,
				5BD1662118D59A170035C7B7 /* Player Death.wav in Resources */,
				5B928A9C18A9143B00DF7566 /* ProjectileDeath.png in Resources */,
				5BD1662518D59A170035C7B7 /* Upgrade.wav in Resources */,
				5BD1662B18D5A6F70035C7B7 /* EnemyTriangle hurt.wav in Resources */,
				5B5D359118C4A9F7004B02FD /* upgrades.ini in Resources */,
				5BD1662418D59A170035C7B7 /* Select.wav in Resources */,
				5BD1662A18D5A6F70035C7B7 /* Enemy Square hurt.wav in Resources */,
				5BD1660318D53EF50035C7B7 /* Background.png in Resources */,
				5B12BDEF188CFBAB006D8C8E /* config.ini in Resources */,
				5B095C21188B21540058FB67 /* Player.png in Resources */,
			);
			runOnlyForDeploymentPostprocessing = 0;
		};
/* End PBXResourcesBuildPhase section */

/* Begin PBXShellScriptBuildPhase section */
		5B095BF1188B20E30058FB67 /* ShellScript */ = {
			isa = PBXShellScriptBuildPhase;
			buildActionMask = 2147483647;
			files = (
			);
			inputPaths = (
			);
			outputPaths = (
			);
			runOnlyForDeploymentPostprocessing = 0;
			shellPath = /bin/sh;
			shellScript = "# This shell script simply copies required sfml dylibs/frameworks into the application bundle frameworks folder.\n# If you're using static libraries (which is not recommended) you should remove this script from your project.\n\n# Are we building a project that uses framework or dylibs ?\ncase \"$SFML_BINARY_TYPE\" in\n    DYLIBS)\n        frameworks=\"false\"\n        ;;\n    *)\n        frameworks=\"true\"\n        ;;\nesac\n\n# Echoes to stderr\nerror () # $* message to display\n{\n    echo $* 1>&2\n    exit 2\n}\n\nassert () # $1 is a boolean, $2...N is an error message\n{\n    if [ $# -lt 2 ]\n    then\n        error \"Internal error in assert : not enough args\"\n    fi\n\n    if [ $1 -ne 0 ]\n    then\n        shift\n        error \"$*\"\n    fi\n}\n\nforce_remove () # $1 is a path\n{\n    test $# -eq 1\n    assert $? \"force_remove() requires one parameter\"\n    rm -fr \"$1\"\n    assert $? \"couldn't remove $1\"\n}\n\ncopy () # $1 is a source, $2 is a destination\n{\n    test $# -eq 2\n    assert $? \"copy() requires two parameters\"\n    ditto \"$1\" \"$2\"\n    assert $? \"couldn't copy $1 to $2\"\n}\n\nrequire () # $1 is a SFML module like 'system' or 'audio'\n{\n    dest=\"$BUILT_PRODUCTS_DIR/$PRODUCT_NAME.app/Contents/Frameworks\"\n\n    if [ -z \"$1\" ]\n    then\n        error \"require() requires one parameter!\"\n    else\n        # clean potentially old stuff\n        force_remove \"$dest/libsfml-$1.2.dylib\"\n        force_remove \"$dest/libsfml-$1-d.2.dylib\"\n        force_remove \"$dest/sfml-$1.framework\"\n\n        # copy SFML libraries\n        if [ \"$frameworks\" = \"true\" ]\n        then\n            copy \"/Library/Frameworks/sfml-$1.framework\" \"$dest/sfml-$1.framework\"\n        elif [ \"$SFML_LINK_DYLIBS_SUFFIX\" = \"-d\" ]\n        then\n            copy \"/usr/local/lib/libsfml-$1-d.2.dylib\" \"$dest/libsfml-$1-d.2.dylib\"\n        else\n            copy \"/usr/local/lib/libsfml-$1.2.dylib\" \"$dest/libsfml-$1.2.dylib\"\n        fi\n\n        if [ \"$1\" = \"audio\" ]\n        then\n            # copy sndfile framework too\n            copy \"/Library/Frameworks/sndfile.framework\" \"$dest/sndfile.framework\"\n        fi\n\n        if [ \"$1\" = \"graphics\" ]\n        then\n            # copy freetype framework too\n            copy \"/Library/Frameworks/freetype.framework\" \"$dest/freetype.framework\"\n        fi\n    fi\n}\n\nif [ -n \"$SFML_SYSTEM\" ]\nthen\n    require \"system\"\nfi\n\nif [ -n \"$SFML_AUDIO\" ]\nthen\n    require \"audio\"\nfi\n\nif [ -n \"$SFML_NETWORK\" ]\nthen\n    require \"network\"\nfi\n\nif [ -n \"$SFML_WINDOW\" ]\nthen\n    require \"window\"\nfi\n\nif [ -n \"$SFML_GRAPHICS\" ]\nthen\n    require \"graphics\"\nfi\n\n                ";
		};
/* End PBXShellScriptBuildPhase section */

/* Begin PBXSourcesBuildPhase section */
		5B095BEE188B20E30058FB67 /* Sources */ = {
			isa = PBXSourcesBuildPhase;
			buildActionMask = 2147483647;
			files = (
				5BD1660618D55F7F0035C7B7 /* GameOverScreenScene.cpp in Sources */,
				5B095C3B188B33BB0058FB67 /* Enemy.cpp in Sources */,
				5BB7E12418B2956F00680237 /* UpgradeManager.cpp in Sources */,
				5B095BFC188B20E30058FB67 /* main.cpp in Sources */,
				5B12BDF5188CFBAB006D8C8E /* SceneManager.cpp in Sources */,
				5BB7E11A18B2946F00680237 /* PlayerProjectile.cpp in Sources */,
				5BD1660C18D57C190035C7B7 /* SmartShape.cpp in Sources */,
				5BD1660B18D57C190035C7B7 /* SmartPoint.cpp in Sources */,
				5B12BDF3188CFBAB006D8C8E /* Projectile.cpp in Sources */,
				5B12BDF1188CFBAB006D8C8E /* EnemyManager.cpp in Sources */,
				5B095BF9188B20E30058FB67 /* ResourcePath.mm in Sources */,
				5BB7E11D18B2948400680237 /* EnemyTriangle.cpp in Sources */,
				5B12BDF0188CFBAB006D8C8E /* ConfigurationHandler.cpp in Sources */,
				5B12BDF4188CFBAB006D8C8E /* Scene.cpp in Sources */,
				5B928AA818A9148800DF7566 /* TitleScreenScene.cpp in Sources */,
				5B095C33188B29410058FB67 /* getResourcePath.cpp in Sources */,
				5B12BDF2188CFBAB006D8C8E /* MainGameScene.cpp in Sources */,
				5B095C2C188B21540058FB67 /* Player.cpp in Sources */,
				5B095C27188B21540058FB67 /* GameObject.cpp in Sources */,
				5BB7E12718B296A800680237 /* Upgrade.cpp in Sources */,
				5B928AA218A9145000DF7566 /* Character.cpp in Sources */,
				5B928AA518A9147300DF7566 /* EnemySquare.cpp in Sources */,
				5BB7E12018B2949000680237 /* EnemyProjectile.cpp in Sources */,
			);
			runOnlyForDeploymentPostprocessing = 0;
		};
/* End PBXSourcesBuildPhase section */

/* Begin XCBuildConfiguration section */
		5B095C06188B20E30058FB67 /* Debug */ = {
			isa = XCBuildConfiguration;
			buildSettings = {
				ARCHS = "$(ARCHS_STANDARD_32_64_BIT)";
				CLANG_CXX_LANGUAGE_STANDARD = "c++0x";
				CLANG_CXX_LIBRARY = "libc++";
				CLANG_WARN_EMPTY_BODY = YES;
				CLANG_WARN__DUPLICATE_METHOD_MATCH = YES;
				FRAMEWORK_SEARCH_PATHS = (
					/Library/Frameworks/,
					"$(inherited)",
				);
				GCC_OPTIMIZATION_LEVEL = 0;
				GCC_PREPROCESSOR_DEFINITIONS = (
					"DEBUG=1",
					"$(inherited)",
				);
				GCC_VERSION = com.apple.compilers.llvm.clang.1_0;
				GCC_WARN_ABOUT_RETURN_TYPE = YES;
				GCC_WARN_UNINITIALIZED_AUTOS = YES;
				GCC_WARN_UNUSED_VARIABLE = YES;
				HEADER_SEARCH_PATHS = (
					/usr/local/include/,
					"$(inherited)",
				);
				LIBRARY_SEARCH_PATHS = (
					/usr/local/lib/,
					"$(inherited)",
				);
				ONLY_ACTIVE_ARCH = NO;
				OTHER_LDFLAGS = (
					"$(inherited)",
					"$(SFML_SYSTEM)",
					"$(SFML_WINDOW)",
					"$(SFML_GRAPHICS)",
					"$(SFML_AUDIO)",
					"$(SFML_NETWORK)",
				);
				SFML_AUDIO = "$(SFML_LINK_PREFIX) sfml-audio$(SFML_LINK_SUFFIX)";
				SFML_BINARY_TYPE = FRAMEWORKS;
				SFML_GRAPHICS = "$(SFML_LINK_PREFIX) sfml-graphics$(SFML_LINK_SUFFIX)";
				SFML_LINK_DYLIBS_PREFIX = "-l";
				SFML_LINK_DYLIBS_SUFFIX = "";
				SFML_LINK_FRAMEWORKS_PREFIX = "-framework";
				SFML_LINK_FRAMEWORKS_SUFFIX = "";
				SFML_LINK_PREFIX = "$(SFML_LINK_$(SFML_BINARY_TYPE)_PREFIX)";
				SFML_LINK_SUFFIX = "$(SFML_LINK_$(SFML_BINARY_TYPE)_SUFFIX)";
				SFML_NETWORK = "$(SFML_LINK_PREFIX) sfml-network$(SFML_LINK_SUFFIX)";
				SFML_SYSTEM = "$(SFML_LINK_PREFIX) sfml-system$(SFML_LINK_SUFFIX)";
				SFML_WINDOW = "$(SFML_LINK_PREFIX) sfml-window$(SFML_LINK_SUFFIX)";
				SUPPORTED_PLATFORMS = macosx;
			};
			name = Debug;
		};
		5B095C07188B20E30058FB67 /* Release */ = {
			isa = XCBuildConfiguration;
			buildSettings = {
				ARCHS = "$(ARCHS_STANDARD_32_64_BIT)";
				CLANG_CXX_LANGUAGE_STANDARD = "c++0x";
				CLANG_CXX_LIBRARY = "libc++";
				CLANG_WARN_EMPTY_BODY = YES;
				CLANG_WARN__DUPLICATE_METHOD_MATCH = YES;
				COPY_PHASE_STRIP = YES;
				FRAMEWORK_SEARCH_PATHS = (
					/Library/Frameworks/,
					"$(inherited)",
				);
				GCC_VERSION = com.apple.compilers.llvm.clang.1_0;
				GCC_WARN_ABOUT_RETURN_TYPE = YES;
				GCC_WARN_UNINITIALIZED_AUTOS = YES;
				GCC_WARN_UNUSED_VARIABLE = YES;
				HEADER_SEARCH_PATHS = (
					/usr/local/include/,
					"$(inherited)",
				);
				LIBRARY_SEARCH_PATHS = (
					/usr/local/lib/,
					"$(inherited)",
				);
				ONLY_ACTIVE_ARCH = NO;
				OTHER_LDFLAGS = (
					"$(inherited)",
					"$(SFML_SYSTEM)",
					"$(SFML_WINDOW)",
					"$(SFML_GRAPHICS)",
					"$(SFML_AUDIO)",
					"$(SFML_NETWORK)",
				);
				SFML_AUDIO = "$(SFML_LINK_PREFIX) sfml-audio$(SFML_LINK_SUFFIX)";
				SFML_BINARY_TYPE = FRAMEWORKS;
				SFML_GRAPHICS = "$(SFML_LINK_PREFIX) sfml-graphics$(SFML_LINK_SUFFIX)";
				SFML_LINK_DYLIBS_PREFIX = "-l";
				SFML_LINK_DYLIBS_SUFFIX = "";
				SFML_LINK_FRAMEWORKS_PREFIX = "-framework";
				SFML_LINK_FRAMEWORKS_SUFFIX = "";
				SFML_LINK_PREFIX = "$(SFML_LINK_$(SFML_BINARY_TYPE)_PREFIX)";
				SFML_LINK_SUFFIX = "$(SFML_LINK_$(SFML_BINARY_TYPE)_SUFFIX)";
				SFML_NETWORK = "$(SFML_LINK_PREFIX) sfml-network$(SFML_LINK_SUFFIX)";
				SFML_SYSTEM = "$(SFML_LINK_PREFIX) sfml-system$(SFML_LINK_SUFFIX)";
				SFML_WINDOW = "$(SFML_LINK_PREFIX) sfml-window$(SFML_LINK_SUFFIX)";
				SUPPORTED_PLATFORMS = macosx;
			};
			name = Release;
		};
		5B095C09188B20E30058FB67 /* Debug */ = {
			isa = XCBuildConfiguration;
			buildSettings = {
				INFOPLIST_FILE = "BlockyRogue/BlockyRogue-Info.plist";
				PRODUCT_NAME = "$(TARGET_NAME)";
			};
			name = Debug;
		};
		5B095C0A188B20E30058FB67 /* Release */ = {
			isa = XCBuildConfiguration;
			buildSettings = {
				INFOPLIST_FILE = "BlockyRogue/BlockyRogue-Info.plist";
				PRODUCT_NAME = "$(TARGET_NAME)";
			};
			name = Release;
		};
/* End XCBuildConfiguration section */

/* Begin XCConfigurationList section */
		5B095BED188B20E30058FB67 /* Build configuration list for PBXProject "BlockyRogue" */ = {
			isa = XCConfigurationList;
			buildConfigurations = (
				5B095C06188B20E30058FB67 /* Debug */,
				5B095C07188B20E30058FB67 /* Release */,
			);
			defaultConfigurationIsVisible = 0;
			defaultConfigurationName = Release;
		};
		5B095C08188B20E30058FB67 /* Build configuration list for PBXNativeTarget "BlockyRogue" */ = {
			isa = XCConfigurationList;
			buildConfigurations = (
				5B095C09188B20E30058FB67 /* Debug */,
				5B095C0A188B20E30058FB67 /* Release */,
			);
			defaultConfigurationIsVisible = 0;
			defaultConfigurationName = Release;
		};
/* End XCConfigurationList section */
	};
	rootObject = 5B095BEA188B20E30058FB67 /* Project object */;
}
